
Microsoft Visual Studio Solution File, Format Version 12.00
# Visual Studio Version 16
VisualStudioVersion = 16.0.30225.117
MinimumVisualStudioVersion = 10.0.40219.1
Project("{FAE04EC0-301F-11D3-BF4B-00C04F79EFBC}") = "TodoListUI", "TodoListUI\TodoListUI.csproj", "{8567602D-116F-41F5-BA88-95A15EF3E185}"
EndProject
Project("{FAE04EC0-301F-11D3-BF4B-00C04F79EFBC}") = "Domain", "Domain\Domain.csproj", "{68E1012D-38BD-492F-ADA5-03E998BBD743}"
EndProject
Global
	GlobalSection(SolutionConfigurationPlatforms) = preSolution
		Debug|Any CPU = Debug|Any CPU
		Release|Any CPU = Release|Any CPU
	EndGlobalSection
	GlobalSection(ProjectConfigurationPlatforms) = postSolution
		{8567602D-116F-41F5-BA88-95A15EF3E185}.Debug|Any CPU.ActiveCfg = Debug|Any CPU
		{8567602D-116F-41F5-BA88-95A15EF3E185}.Debug|Any CPU.Build.0 = Debug|Any CPU
		{8567602D-116F-41F5-BA88-95A15EF3E185}.Release|Any CPU.ActiveCfg = Release|Any CPU
		{8567602D-116F-41F5-BA88-95A15EF3E185}.Release|Any CPU.Build.0 = Release|Any CPU
		{68E1012D-38BD-492F-ADA5-03E998BBD743}.Debug|Any CPU.ActiveCfg = Debug|Any CPU
		{68E1012D-38BD-492F-ADA5-03E998BBD743}.Debug|Any CPU.Build.0 = Debug|Any CPU
		{68E1012D-38BD-492F-ADA5-03E998BBD743}.Release|Any CPU.ActiveCfg = Release|Any CPU
		{68E1012D-38BD-492F-ADA5-03E998BBD743}.Release|Any CPU.Build.0 = Release|Any CPU
	EndGlobalSection
	GlobalSection(SolutionProperties) = preSolution
		HideSolutionNode = FALSE
	EndGlobalSection
	GlobalSection(ExtensibilityGlobals) = postSolution
		SolutionGuid = {48174280-E09E-4A8E-B8A2-BB4CC9B8962A}
	EndGlobalSection
EndGlobal
